github.com/EganBoschCodes/lossless v1.5.0 h1:WCxZrMQGSofK13hcL74nME8mx2E59E0Jz1YxuCYIyqY=
github.com/EganBoschCodes/lossless v1.5.0/go.mod h1:eZIcuD84dY1keoUpkiI0eEIRSRO+wvWczwYAqjKPqvQ=
github.com/EganBoschCodes/lossless v1.5.1 h1:/1wdHEdbmkpilwryMNStUeT1vwQSrL6lr+zibrgeIYA=
github.com/EganBoschCodes/lossless v1.5.1/go.mod h1:eZIcuD84dY1keoUpkiI0eEIRSRO+wvWczwYAqjKPqvQ=
gonum.org/v1/gonum v0.13.0 h1:a0T3bh+7fhRyqeNbiC3qVHYmkiQgit3wnNan/2c0HMM=
gonum.org/v1/gonum v0.13.0/go.mod h1:/WPYRckkfWrhWefxyYTfrTtQR0KH4iyHNuzxqXAKyAU=
